
Microsoft Visual Studio Solution File, Format Version 12.00
# Visual Studio 2013
VisualStudioVersion = 12.0.31101.0
MinimumVisualStudioVersion = 10.0.40219.1
Project("{8BC9CEB8-8B4A-11D0-8D11-00A0C91BC942}") = "Point2d", "Point2d\Point2d.vcxproj", "{2986551F-1B73-4A03-A3F8-935685119D0E}"
EndProject
Project("{8BC9CEB8-8B4A-11D0-8D11-00A0C91BC942}") = "String", "String\String.vcxproj", "{A69F7ABD-72EE-49A3-95FB-1BC5FEE851E0}"
EndProject
Global
	GlobalSection(SolutionConfigurationPlatforms) = preSolution
		Debug|Win32 = Debug|Win32
		Release|Win32 = Release|Win32
	EndGlobalSection
	GlobalSection(ProjectConfigurationPlatforms) = postSolution
		{2986551F-1B73-4A03-A3F8-935685119D0E}.Debug|Win32.ActiveCfg = Debug|Win32
		{2986551F-1B73-4A03-A3F8-935685119D0E}.Debug|Win32.Build.0 = Debug|Win32
		{2986551F-1B73-4A03-A3F8-935685119D0E}.Release|Win32.ActiveCfg = Release|Win32
		{2986551F-1B73-4A03-A3F8-935685119D0E}.Release|Win32.Build.0 = Release|Win32
		{A69F7ABD-72EE-49A3-95FB-1BC5FEE851E0}.Debug|Win32.ActiveCfg = Debug|Win32
		{A69F7ABD-72EE-49A3-95FB-1BC5FEE851E0}.Debug|Win32.Build.0 = Debug|Win32
		{A69F7ABD-72EE-49A3-95FB-1BC5FEE851E0}.Release|Win32.ActiveCfg = Release|Win32
		{A69F7ABD-72EE-49A3-95FB-1BC5FEE851E0}.Release|Win32.Build.0 = Release|Win32
	EndGlobalSection
	GlobalSection(SolutionProperties) = preSolution
		HideSolutionNode = FALSE
	EndGlobalSection
EndGlobal
